
Microsoft Visual Studio Solution File, Format Version 12.00
# Visual Studio 15
VisualStudioVersion = 15.0.28307.779
MinimumVisualStudioVersion = 10.0.40219.1
Project("{FAE04EC0-301F-11D3-BF4B-00C04F79EFBC}") = "ActiveX_Web", "ActiveX_Web\ActiveX_Web.csproj", "{06917151-E63F-4B25-8389-DEEAC996F11B}"
EndProject
Global
	GlobalSection(SolutionConfigurationPlatforms) = preSolution
		Debug|Any CPU = Debug|Any CPU
		Release|Any CPU = Release|Any CPU
	EndGlobalSection
	GlobalSection(ProjectConfigurationPlatforms) = postSolution
		{06917151-E63F-4B25-8389-DEEAC996F11B}.Debug|Any CPU.ActiveCfg = Debug|Any CPU
		{06917151-E63F-4B25-8389-DEEAC996F11B}.Debug|Any CPU.Build.0 = Debug|Any CPU
		{06917151-E63F-4B25-8389-DEEAC996F11B}.Release|Any CPU.ActiveCfg = Release|Any CPU
		{06917151-E63F-4B25-8389-DEEAC996F11B}.Release|Any CPU.Build.0 = Release|Any CPU
	EndGlobalSection
	GlobalSection(SolutionProperties) = preSolution
		HideSolutionNode = FALSE
	EndGlobalSection
	GlobalSection(ExtensibilityGlobals) = postSolution
		SolutionGuid = {E610E6E3-934C-4476-BB80-52FEFFFF7C82}
	EndGlobalSection
EndGlobal
